// !$*UTF8*$!
{
	archiveVersion = 1;
	classes = {
	};
	objectVersion = 50;
	objects = {

/* Begin PBXBuildFile section */
		59FBC9B42159DE7A00622063 /* AppDelegate.m in Sources */ = {isa = PBXBuildFile; fileRef = 59FBC9B32159DE7A00622063 /* AppDelegate.m */; };
		59FBC9B72159DE7A00622063 /* ViewController.m in Sources */ = {isa = PBXBuildFile; fileRef = 59FBC9B62159DE7A00622063 /* ViewController.m */; };
		59FBC9BC2159DE8700622063 /* Assets.xcassets in Resources */ = {isa = PBXBuildFile; fileRef = 59FBC9BB2159DE8700622063 /* Assets.xcassets */; };
		59FBC9C22159DE8700622063 /* main.m in Sources */ = {isa = PBXBuildFile; fileRef = 59FBC9C12159DE8700622063 /* main.m */; };
		59FBC9FE215A279600622063 /* libc++.tbd in Frameworks */ = {isa = PBXBuildFile; fileRef = 59FBC9FD215A279600622063 /* libc++.tbd */; };
		59FBCA00215A288000622063 /* UIKit.framework in Frameworks */ = {isa = PBXBuildFile; fileRef = 59FBC9FF215A288000622063 /* UIKit.framework */; };
		59FBCA02215A288700622063 /* Foundation.framework in Frameworks */ = {isa = PBXBuildFile; fileRef = 59FBCA01215A288700622063 /* Foundation.framework */; };
		59FBCA05215A340E00622063 /* secondViewController.m in Sources */ = {isa = PBXBuildFile; fileRef = 59FBCA04215A340E00622063 /* secondViewController.m */; };
		59FBCA08215A3E4700622063 /* firstViewController.m in Sources */ = {isa = PBXBuildFile; fileRef = 59FBCA07215A3E4700622063 /* firstViewController.m */; };
		59FBCA0E215B718800622063 /* loginViewController.m in Sources */ = {isa = PBXBuildFile; fileRef = 59FBCA0D215B718800622063 /* loginViewController.m */; };
/* End PBXBuildFile section */

/* Begin PBXFileReference section */
		59FBC9AF2159DE7A00622063 /* sso-demo.app */ = {isa = PBXFileReference; explicitFileType = wrapper.application; includeInIndex = 0; path = "sso-demo.app"; sourceTree = BUILT_PRODUCTS_DIR; };
		59FBC9B22159DE7A00622063 /* AppDelegate.h */ = {isa = PBXFileReference; lastKnownFileType = sourcecode.c.h; path = AppDelegate.h; sourceTree = "<group>"; };
		59FBC9B32159DE7A00622063 /* AppDelegate.m */ = {isa = PBXFileReference; lastKnownFileType = sourcecode.c.objc; path = AppDelegate.m; sourceTree = "<group>"; };
		59FBC9B52159DE7A00622063 /* ViewController.h */ = {isa = PBXFileReference; lastKnownFileType = sourcecode.c.h; path = ViewController.h; sourceTree = "<group>"; };
		59FBC9B62159DE7A00622063 /* ViewController.m */ = {isa = PBXFileReference; lastKnownFileType = sourcecode.c.objc; path = ViewController.m; sourceTree = "<group>"; };
		59FBC9BB2159DE8700622063 /* Assets.xcassets */ = {isa = PBXFileReference; lastKnownFileType = folder.assetcatalog; path = Assets.xcassets; sourceTree = "<group>"; };
		59FBC9C02159DE8700622063 /* Info.plist */ = {isa = PBXFileReference; lastKnownFileType = text.plist.xml; path = Info.plist; sourceTree = "<group>"; };
		59FBC9C12159DE8700622063 /* main.m */ = {isa = PBXFileReference; lastKnownFileType = sourcecode.c.objc; path = main.m; sourceTree = "<group>"; };
		59FBC9FD215A279600622063 /* libc++.tbd */ = {isa = PBXFileReference; lastKnownFileType = "sourcecode.text-based-dylib-definition"; name = "libc++.tbd"; path = "usr/lib/libc++.tbd"; sourceTree = SDKROOT; };
		59FBC9FF215A288000622063 /* UIKit.framework */ = {isa = PBXFileReference; lastKnownFileType = wrapper.framework; name = UIKit.framework; path = System/Library/Frameworks/UIKit.framework; sourceTree = SDKROOT; };
		59FBCA01215A288700622063 /* Foundation.framework */ = {isa = PBXFileReference; lastKnownFileType = wrapper.framework; name = Foundation.framework; path = System/Library/Frameworks/Foundation.framework; sourceTree = SDKROOT; };
		59FBCA03215A340E00622063 /* secondViewController.h */ = {isa = PBXFileReference; lastKnownFileType = sourcecode.c.h; path = secondViewController.h; sourceTree = "<group>"; };
		59FBCA04215A340E00622063 /* secondViewController.m */ = {isa = PBXFileReference; lastKnownFileType = sourcecode.c.objc; path = secondViewController.m; sourceTree = "<group>"; };
		59FBCA06215A3E4700622063 /* firstViewController.h */ = {isa = PBXFileReference; lastKnownFileType = sourcecode.c.h; path = firstViewController.h; sourceTree = "<group>"; };
		59FBCA07215A3E4700622063 /* firstViewController.m */ = {isa = PBXFileReference; lastKnownFileType = sourcecode.c.objc; path = firstViewController.m; sourceTree = "<group>"; };
		59FBCA0C215B718800622063 /* loginViewController.h */ = {isa = PBXFileReference; lastKnownFileType = sourcecode.c.h; path = loginViewController.h; sourceTree = "<group>"; };
		59FBCA0D215B718800622063 /* loginViewController.m */ = {isa = PBXFileReference; lastKnownFileType = sourcecode.c.objc; path = loginViewController.m; sourceTree = "<group>"; };
/* End PBXFileReference section */

/* Begin PBXFrameworksBuildPhase section */
		59FBC9AC2159DE7A00622063 /* Frameworks */ = {
			isa = PBXFrameworksBuildPhase;
			buildActionMask = 2147483647;
			files = (
				59FBCA02215A288700622063 /* Foundation.framework in Frameworks */,
				59FBCA00215A288000622063 /* UIKit.framework in Frameworks */,
				59FBC9FE215A279600622063 /* libc++.tbd in Frameworks */,
			);
			runOnlyForDeploymentPostprocessing = 0;
		};
/* End PBXFrameworksBuildPhase section */

/* Begin PBXGroup section */
		59FBC9A62159DE7A00622063 = {
			isa = PBXGroup;
			children = (
				59FBC9B12159DE7A00622063 /* sso-demo */,
				59FBC9B02159DE7A00622063 /* Products */,
				59FBC9FC215A279600622063 /* Frameworks */,
			);
			sourceTree = "<group>";
		};
		59FBC9B02159DE7A00622063 /* Products */ = {
			isa = PBXGroup;
			children = (
				59FBC9AF2159DE7A00622063 /* sso-demo.app */,
			);
			name = Products;
			sourceTree = "<group>";
		};
		59FBC9B12159DE7A00622063 /* sso-demo */ = {
			isa = PBXGroup;
			children = (
				59FBC9B22159DE7A00622063 /* AppDelegate.h */,
				59FBC9B32159DE7A00622063 /* AppDelegate.m */,
				59FBC9B52159DE7A00622063 /* ViewController.h */,
				59FBC9B62159DE7A00622063 /* ViewController.m */,
				59FBCA03215A340E00622063 /* secondViewController.h */,
				59FBCA04215A340E00622063 /* secondViewController.m */,
				59FBCA06215A3E4700622063 /* firstViewController.h */,
				59FBCA07215A3E4700622063 /* firstViewController.m */,
				59FBCA0C215B718800622063 /* loginViewController.h */,
				59FBCA0D215B718800622063 /* loginViewController.m */,
				59FBC9BB2159DE8700622063 /* Assets.xcassets */,
				59FBC9C02159DE8700622063 /* Info.plist */,
				59FBC9C12159DE8700622063 /* main.m */,
			);
			path = "sso-demo";
			sourceTree = "<group>";
		};
		59FBC9FC215A279600622063 /* Frameworks */ = {
			isa = PBXGroup;
			children = (
				59FBCA01215A288700622063 /* Foundation.framework */,
				59FBC9FF215A288000622063 /* UIKit.framework */,
				59FBC9FD215A279600622063 /* libc++.tbd */,
			);
			name = Frameworks;
			sourceTree = "<group>";
		};
/* End PBXGroup section */

/* Begin PBXNativeTarget section */
		59FBC9AE2159DE7A00622063 /* sso-demo */ = {
			isa = PBXNativeTarget;
			buildConfigurationList = 59FBC9C52159DE8700622063 /* Build configuration list for PBXNativeTarget "sso-demo" */;
			buildPhases = (
				59FBC9AB2159DE7A00622063 /* Sources */,
				59FBC9AC2159DE7A00622063 /* Frameworks */,
				59FBC9AD2159DE7A00622063 /* Resources */,
			);
			buildRules = (
			);
			dependencies = (
			);
			name = "sso-demo";
			productName = "sso-demo";
			productReference = 59FBC9AF2159DE7A00622063 /* sso-demo.app */;
			productType = "com.apple.product-type.application";
		};
/* End PBXNativeTarget section */

/* Begin PBXProject section */
		59FBC9A72159DE7A00622063 /* Project object */ = {
			isa = PBXProject;
			attributes = {
				LastUpgradeCheck = 1000;
				ORGANIZATIONNAME = yaojunyu;
				TargetAttributes = {
					59FBC9AE2159DE7A00622063 = {
						CreatedOnToolsVersion = 10.0;
					};
				};
			};
			buildConfigurationList = 59FBC9AA2159DE7A00622063 /* Build configuration list for PBXProject "sso-demo" */;
			compatibilityVersion = "Xcode 9.3";
			developmentRegion = en;
			hasScannedForEncodings = 0;
			knownRegions = (
				en,
				Base,
			);
			mainGroup = 59FBC9A62159DE7A00622063;
			productRefGroup = 59FBC9B02159DE7A00622063 /* Products */;
			projectDirPath = "";
			projectRoot = "";
			targets = (
				59FBC9AE2159DE7A00622063 /* sso-demo */,
			);
		};
/* End PBXProject section */

/* Begin PBXResourcesBuildPhase section */
		59FBC9AD2159DE7A00622063 /* Resources */ = {
			isa = PBXResourcesBuildPhase;
			buildActionMask = 2147483647;
			files = (
				59FBC9BC2159DE8700622063 /* Assets.xcassets in Resources */,
			);
			runOnlyForDeploymentPostprocessing = 0;
		};
/* End PBXResourcesBuildPhase section */

/* Begin PBXSourcesBuildPhase section */
		59FBC9AB2159DE7A00622063 /* Sources */ = {
			isa = PBXSourcesBuildPhase;
			buildActionMask = 2147483647;
			files = (
				59FBCA08215A3E4700622063 /* firstViewController.m in Sources */,
				59FBCA05215A340E00622063 /* secondViewController.m in Sources */,
				59FBCA0E215B718800622063 /* loginViewController.m in Sources */,
				59FBC9B72159DE7A00622063 /* ViewController.m in Sources */,
				59FBC9C22159DE8700622063 /* main.m in Sources */,
				59FBC9B42159DE7A00622063 /* AppDelegate.m in Sources */,
			);
			runOnlyForDeploymentPostprocessing = 0;
		};
/* End PBXSourcesBuildPhase section */

/* Begin XCBuildConfiguration section */
		59FBC9C32159DE8700622063 /* Debug */ = {
			isa = XCBuildConfiguration;
			buildSettings = {
				ALWAYS_SEARCH_USER_PATHS = NO;
				CLANG_ANALYZER_NONNULL = YES;
				CLANG_ANALYZER_NUMBER_OBJECT_CONVERSION = YES_AGGRESSIVE;
				CLANG_CXX_LANGUAGE_STANDARD = "gnu++14";
				CLANG_CXX_LIBRARY = "libc++";
				CLANG_ENABLE_MODULES = YES;
				CLANG_ENABLE_OBJC_ARC = YES;
				CLANG_ENABLE_OBJC_WEAK = YES;
				CLANG_WARN_BLOCK_CAPTURE_AUTORELEASING = YES;
				CLANG_WARN_BOOL_CONVERSION = YES;
				CLANG_WARN_COMMA = YES;
				CLANG_WARN_CONSTANT_CONVERSION = YES;
				CLANG_WARN_DEPRECATED_OBJC_IMPLEMENTATIONS = YES;
				CLANG_WARN_DIRECT_OBJC_ISA_USAGE = YES_ERROR;
				CLANG_WARN_DOCUMENTATION_COMMENTS = YES;
				CLANG_WARN_EMPTY_BODY = YES;
				CLANG_WARN_ENUM_CONVERSION = YES;
				CLANG_WARN_INFINITE_RECURSION = YES;
				CLANG_WARN_INT_CONVERSION = YES;
				CLANG_WARN_NON_LITERAL_NULL_CONVERSION = YES;
				CLANG_WARN_OBJC_IMPLICIT_RETAIN_SELF = YES;
				CLANG_WARN_OBJC_LITERAL_CONVERSION = YES;
				CLANG_WARN_OBJC_ROOT_CLASS = YES_ERROR;
				CLANG_WARN_RANGE_LOOP_ANALYSIS = YES;
				CLANG_WARN_STRICT_PROTOTYPES = YES;
				CLANG_WARN_SUSPICIOUS_MOVE = YES;
				CLANG_WARN_UNGUARDED_AVAILABILITY = YES_AGGRESSIVE;
				CLANG_WARN_UNREACHABLE_CODE = YES;
				CLANG_WARN__DUPLICATE_METHOD_MATCH = YES;
				CODE_SIGN_IDENTITY = "iPhone Developer";
				COPY_PHASE_STRIP = NO;
				DEBUG_INFORMATION_FORMAT = dwarf;
				ENABLE_STRICT_OBJC_MSGSEND = YES;
				ENABLE_TESTABILITY = YES;
				GCC_C_LANGUAGE_STANDARD = gnu11;
				GCC_DYNAMIC_NO_PIC = NO;
				GCC_NO_COMMON_BLOCKS = YES;
				GCC_OPTIMIZATION_LEVEL = 0;
				GCC_PREPROCESSOR_DEFINITIONS = (
					"DEBUG=1",
					"$(inherited)",
				);
				GCC_WARN_64_TO_32_BIT_CONVERSION = YES;
				GCC_WARN_ABOUT_RETURN_TYPE = YES_ERROR;
				GCC_WARN_UNDECLARED_SELECTOR = YES;
				GCC_WARN_UNINITIALIZED_AUTOS = YES_AGGRESSIVE;
				GCC_WARN_UNUSED_FUNCTION = YES;
				GCC_WARN_UNUSED_VARIABLE = YES;
				IPHONEOS_DEPLOYMENT_TARGET = 12.0;
				MTL_ENABLE_DEBUG_INFO = INCLUDE_SOURCE;
				MTL_FAST_MATH = YES;
				ONLY_ACTIVE_ARCH = YES;
				SDKROOT = iphoneos;
			};
			name = Debug;
		};
		59FBC9C42159DE8700622063 /* Release */ = {
			isa = XCBuildConfiguration;
			buildSettings = {
				ALWAYS_SEARCH_USER_PATHS = NO;
				CLANG_ANALYZER_NONNULL = YES;
				CLANG_ANALYZER_NUMBER_OBJECT_CONVERSION = YES_AGGRESSIVE;
				CLANG_CXX_LANGUAGE_STANDARD = "gnu++14";
				CLANG_CXX_LIBRARY = "libc++";
				CLANG_ENABLE_MODULES = YES;
				CLANG_ENABLE_OBJC_ARC = YES;
				CLANG_ENABLE_OBJC_WEAK = YES;
				CLANG_WARN_BLOCK_CAPTURE_AUTORELEASING = YES;
				CLANG_WARN_BOOL_CONVERSION = YES;
				CLANG_WARN_COMMA = YES;
				CLANG_WARN_CONSTANT_CONVERSION = YES;
				CLANG_WARN_DEPRECATED_OBJC_IMPLEMENTATIONS = YES;
				CLANG_WARN_DIRECT_OBJC_ISA_USAGE = YES_ERROR;
				CLANG_WARN_DOCUMENTATION_COMMENTS = YES;
				CLANG_WARN_EMPTY_BODY = YES;
				CLANG_WARN_ENUM_CONVERSION = YES;
				CLANG_WARN_INFINITE_RECURSION = YES;
				CLANG_WARN_INT_CONVERSION = YES;
				CLANG_WARN_NON_LITERAL_NULL_CONVERSION = YES;
				CLANG_WARN_OBJC_IMPLICIT_RETAIN_SELF = YES;
				CLANG_WARN_OBJC_LITERAL_CONVERSION = YES;
				CLANG_WARN_OBJC_ROOT_CLASS = YES_ERROR;
				CLANG_WARN_RANGE_LOOP_ANALYSIS = YES;
				CLANG_WARN_STRICT_PROTOTYPES = YES;
				CLANG_WARN_SUSPICIOUS_MOVE = YES;
				CLANG_WARN_UNGUARDED_AVAILABILITY = YES_AGGRESSIVE;
				CLANG_WARN_UNREACHABLE_CODE = YES;
				CLANG_WARN__DUPLICATE_METHOD_MATCH = YES;
				CODE_SIGN_IDENTITY = "iPhone Developer";
				COPY_PHASE_STRIP = NO;
				DEBUG_INFORMATION_FORMAT = "dwarf-with-dsym";
				ENABLE_NS_ASSERTIONS = NO;
				ENABLE_STRICT_OBJC_MSGSEND = YES;
				GCC_C_LANGUAGE_STANDARD = gnu11;
				GCC_NO_COMMON_BLOCKS = YES;
				GCC_WARN_64_TO_32_BIT_CONVERSION = YES;
				GCC_WARN_ABOUT_RETURN_TYPE = YES_ERROR;
				GCC_WARN_UNDECLARED_SELECTOR = YES;
				GCC_WARN_UNINITIALIZED_AUTOS = YES_AGGRESSIVE;
				GCC_WARN_UNUSED_FUNCTION = YES;
				GCC_WARN_UNUSED_VARIABLE = YES;
				IPHONEOS_DEPLOYMENT_TARGET = 12.0;
				MTL_ENABLE_DEBUG_INFO = NO;
				MTL_FAST_MATH = YES;
				SDKROOT = iphoneos;
				VALIDATE_PRODUCT = YES;
			};
			name = Release;
		};
		59FBC9C62159DE8700622063 /* Debug */ = {
			isa = XCBuildConfiguration;
			buildSettings = {
				ASSETCATALOG_COMPILER_APPICON_NAME = AppIcon;
				CODE_SIGN_STYLE = Automatic;
				DEVELOPMENT_TEAM = UC3LC49W33;
				ENABLE_BITCODE = NO;
				INFOPLIST_FILE = "sso-demo/Info.plist";
				IPHONEOS_DEPLOYMENT_TARGET = 8.0;
				LD_RUNPATH_SEARCH_PATHS = (
					"$(inherited)",
					"@executable_path/Frameworks",
				);
				ONLY_ACTIVE_ARCH = NO;
				PRODUCT_BUNDLE_IDENTIFIER = "com.longtugame.rxjh.sso-demo";
				PRODUCT_NAME = "$(TARGET_NAME)";
				TARGETED_DEVICE_FAMILY = "1,2";
			};
			name = Debug;
		};
		59FBC9C72159DE8700622063 /* Release */ = {
			isa = XCBuildConfiguration;
			buildSettings = {
				ASSETCATALOG_COMPILER_APPICON_NAME = AppIcon;
				CODE_SIGN_STYLE = Automatic;
				DEVELOPMENT_TEAM = UC3LC49W33;
				ENABLE_BITCODE = NO;
				INFOPLIST_FILE = "sso-demo/Info.plist";
				IPHONEOS_DEPLOYMENT_TARGET = 8.0;
				LD_RUNPATH_SEARCH_PATHS = (
					"$(inherited)",
					"@executable_path/Frameworks",
				);
				PRODUCT_BUNDLE_IDENTIFIER = "com.longtugame.rxjh.sso-demo";
				PRODUCT_NAME = "$(TARGET_NAME)";
				TARGETED_DEVICE_FAMILY = "1,2";
			};
			name = Release;
		};
/* End XCBuildConfiguration section */

/* Begin XCConfigurationList section */
		59FBC9AA2159DE7A00622063 /* Build configuration list for PBXProject "sso-demo" */ = {
			isa = XCConfigurationList;
			buildConfigurations = (
				59FBC9C32159DE8700622063 /* Debug */,
				59FBC9C42159DE8700622063 /* Release */,
			);
			defaultConfigurationIsVisible = 0;
			defaultConfigurationName = Release;
		};
		59FBC9C52159DE8700622063 /* Build configuration list for PBXNativeTarget "sso-demo" */ = {
			isa = XCConfigurationList;
			buildConfigurations = (
				59FBC9C62159DE8700622063 /* Debug */,
				59FBC9C72159DE8700622063 /* Release */,
			);
			defaultConfigurationIsVisible = 0;
			defaultConfigurationName = Release;
		};
/* End XCConfigurationList section */
	};
	rootObject = 59FBC9A72159DE7A00622063 /* Project object */;
}
